PODS:
  - boost-for-react-native (1.63.0)
  - BVLinearGradient (2.5.6):
    - React
  - CocoaAsyncSocket (7.6.5)
  - CocoaLibEvent (1.0.0)
  - DoubleConversion (1.1.6)
  - FBLazyVector (0.63.3-0)
  - FBReactNativeSpec (0.63.3-0):
    - Folly (= 2020.01.13.00)
    - RCTRequired (= 0.63.3-0)
    - RCTTypeSafety (= 0.63.3-0)
    - React-Core (= 0.63.3-0)
    - React-jsi (= 0.63.3-0)
    - ReactCommon/turbomodule/core (= 0.63.3-0)
  - Flipper (0.30.2):
    - Flipper-Folly (= 2.1.1)
    - Flipper-RSocket (= 1.0.0)
  - Flipper-DoubleConversion (1.1.7)
  - Flipper-Folly (2.1.1):
    - boost-for-react-native
    - CocoaLibEvent (= 1.0.0)
    - Flipper-DoubleConversion (= 1.1.7)
    - Flipper-Glog (= 0.3.6)
    - OpenSSL-Universal (= 1.0.2.9)
  - Flipper-Glog (0.3.6)
  - Flipper-PeerTalk (0.0.4)
  - Flipper-RSocket (1.0.0):
    - Flipper-Folly (= 2.1.1)
  - FlipperKit (0.30.2):
    - FlipperKit/Core (= 0.30.2)
  - FlipperKit/Core (0.30.2):
    - Flipper (~> 0.30.2)
    - FlipperKit/CppBridge
    - FlipperKit/FBCxxFollyDynamicConvert
    - FlipperKit/FBDefines
    - FlipperKit/FKPortForwarding
  - FlipperKit/CppBridge (0.30.2):
    - Flipper (~> 0.30.2)
  - FlipperKit/FBCxxFollyDynamicConvert (0.30.2):
    - Flipper-Folly (~> 2.1)
  - FlipperKit/FBDefines (0.30.2)
  - FlipperKit/FKPortForwarding (0.30.2):
    - CocoaAsyncSocket (~> 7.6)
    - Flipper-PeerTalk (~> 0.0.4)
  - FlipperKit/FlipperKitHighlightOverlay (0.30.2)
  - FlipperKit/FlipperKitLayoutPlugin (0.30.2):
    - FlipperKit/Core
    - FlipperKit/FlipperKitHighlightOverlay
    - FlipperKit/FlipperKitLayoutTextSearchable
    - YogaKit (~> 1.18)
  - FlipperKit/FlipperKitLayoutTextSearchable (0.30.2)
  - FlipperKit/FlipperKitNetworkPlugin (0.30.2):
    - FlipperKit/Core
  - FlipperKit/FlipperKitReactPlugin (0.30.2):
    - FlipperKit/Core
  - FlipperKit/FlipperKitUserDefaultsPlugin (0.30.2):
    - FlipperKit/Core
  - FlipperKit/SKIOSNetworkPlugin (0.30.2):
    - FlipperKit/Core
    - FlipperKit/FlipperKitNetworkPlugin
  - Folly (2020.01.13.00):
    - boost-for-react-native
    - DoubleConversion
    - Folly/Default (= 2020.01.13.00)
    - glog
  - Folly/Default (2020.01.13.00):
    - boost-for-react-native
    - DoubleConversion
    - glog
  - glog (0.3.5)
  - OpenSSL-Universal (1.0.2.9):
    - OpenSSL-Universal/Static (= 1.0.2.9)
  - OpenSSL-Universal/Static (1.0.2.9)
  - RCTRequired (0.63.3-0)
  - RCTTypeSafety (0.63.3-0):
    - FBLazyVector (= 0.63.3-0)
    - Folly (= 2020.01.13.00)
    - RCTRequired (= 0.63.3-0)
    - React-Core (= 0.63.3-0)
  - React (0.63.3-0):
    - React-Core (= 0.63.3-0)
    - React-Core/DevSupport (= 0.63.3-0)
    - React-Core/RCTWebSocket (= 0.63.3-0)
    - React-RCTAnimation (= 0.63.3-0)
    - React-RCTBlob (= 0.63.3-0)
    - React-RCTImage (= 0.63.3-0)
    - React-RCTLinking (= 0.63.3-0)
    - React-RCTNetwork (= 0.63.3-0)
    - React-RCTSettings (= 0.63.3-0)
    - React-RCTText (= 0.63.3-0)
  - React-callinvoker (0.63.3-0)
  - React-Core (0.63.3-0):
    - Folly (= 2020.01.13.00)
    - glog
    - React-Core/Default (= 0.63.3-0)
    - React-cxxreact (= 0.63.3-0)
    - React-jsi (= 0.63.3-0)
    - React-jsiexecutor (= 0.63.3-0)
    - Yoga
  - React-Core/CoreModulesHeaders (0.63.3-0):
    - Folly (= 2020.01.13.00)
    - glog
    - React-Core/Default
    - React-cxxreact (= 0.63.3-0)
    - React-jsi (= 0.63.3-0)
    - React-jsiexecutor (= 0.63.3-0)
    - Yoga
  - React-Core/Default (0.63.3-0):
    - Folly (= 2020.01.13.00)
    - glog
    - React-cxxreact (= 0.63.3-0)
    - React-jsi (= 0.63.3-0)
    - React-jsiexecutor (= 0.63.3-0)
    - Yoga
  - React-Core/DevSupport (0.63.3-0):
    - Folly (= 2020.01.13.00)
    - glog
    - React-Core/Default (= 0.63.3-0)
    - React-Core/RCTWebSocket (= 0.63.3-0)
    - React-cxxreact (= 0.63.3-0)
    - React-jsi (= 0.63.3-0)
    - React-jsiexecutor (= 0.63.3-0)
    - React-jsinspector (= 0.63.3-0)
    - Yoga
  - React-Core/RCTAnimationHeaders (0.63.3-0):
    - Folly (= 2020.01.13.00)
    - glog
    - React-Core/Default
    - React-cxxreact (= 0.63.3-0)
    - React-jsi (= 0.63.3-0)
    - React-jsiexecutor (= 0.63.3-0)
    - Yoga
  - React-Core/RCTBlobHeaders (0.63.3-0):
    - Folly (= 2020.01.13.00)
    - glog
    - React-Core/Default
    - React-cxxreact (= 0.63.3-0)
    - React-jsi (= 0.63.3-0)
    - React-jsiexecutor (= 0.63.3-0)
    - Yoga
  - React-Core/RCTImageHeaders (0.63.3-0):
    - Folly (= 2020.01.13.00)
    - glog
    - React-Core/Default
    - React-cxxreact (= 0.63.3-0)
    - React-jsi (= 0.63.3-0)
    - React-jsiexecutor (= 0.63.3-0)
    - Yoga
  - React-Core/RCTLinkingHeaders (0.63.3-0):
    - Folly (= 2020.01.13.00)
    - glog
    - React-Core/Default
    - React-cxxreact (= 0.63.3-0)
    - React-jsi (= 0.63.3-0)
    - React-jsiexecutor (= 0.63.3-0)
    - Yoga
  - React-Core/RCTNetworkHeaders (0.63.3-0):
    - Folly (= 2020.01.13.00)
    - glog
    - React-Core/Default
    - React-cxxreact (= 0.63.3-0)
    - React-jsi (= 0.63.3-0)
    - React-jsiexecutor (= 0.63.3-0)
    - Yoga
  - React-Core/RCTSettingsHeaders (0.63.3-0):
    - Folly (= 2020.01.13.00)
    - glog
    - React-Core/Default
    - React-cxxreact (= 0.63.3-0)
    - React-jsi (= 0.63.3-0)
    - React-jsiexecutor (= 0.63.3-0)
    - Yoga
  - React-Core/RCTTextHeaders (0.63.3-0):
    - Folly (= 2020.01.13.00)
    - glog
    - React-Core/Default
    - React-cxxreact (= 0.63.3-0)
    - React-jsi (= 0.63.3-0)
    - React-jsiexecutor (= 0.63.3-0)
    - Yoga
  - React-Core/RCTWebSocket (0.63.3-0):
    - Folly (= 2020.01.13.00)
    - glog
    - React-Core/Default (= 0.63.3-0)
    - React-cxxreact (= 0.63.3-0)
    - React-jsi (= 0.63.3-0)
    - React-jsiexecutor (= 0.63.3-0)
    - Yoga
  - React-CoreModules (0.63.3-0):
    - FBReactNativeSpec (= 0.63.3-0)
    - Folly (= 2020.01.13.00)
    - RCTTypeSafety (= 0.63.3-0)
    - React-Core/CoreModulesHeaders (= 0.63.3-0)
    - React-jsi (= 0.63.3-0)
    - React-RCTImage (= 0.63.3-0)
    - ReactCommon/turbomodule/core (= 0.63.3-0)
  - React-cxxreact (0.63.3-0):
    - boost-for-react-native (= 1.63.0)
    - DoubleConversion
    - Folly (= 2020.01.13.00)
    - glog
    - React-callinvoker (= 0.63.3-0)
    - React-jsinspector (= 0.63.3-0)
  - React-jsi (0.63.3-0):
    - boost-for-react-native (= 1.63.0)
    - DoubleConversion
    - Folly (= 2020.01.13.00)
    - glog
    - React-jsi/Default (= 0.63.3-0)
  - React-jsi/Default (0.63.3-0):
    - boost-for-react-native (= 1.63.0)
    - DoubleConversion
    - Folly (= 2020.01.13.00)
    - glog
  - React-jsiexecutor (0.63.3-0):
    - DoubleConversion
    - Folly (= 2020.01.13.00)
    - glog
    - React-cxxreact (= 0.63.3-0)
    - React-jsi (= 0.63.3-0)
  - React-jsinspector (0.63.3-0)
  - react-native-video (5.1.1):
    - React-Core
    - react-native-video/Video (= 5.1.1)
  - react-native-video/Video (5.1.1):
    - React-Core
  - React-RCTAnimation (0.63.3-0):
    - FBReactNativeSpec (= 0.63.3-0)
    - Folly (= 2020.01.13.00)
    - RCTTypeSafety (= 0.63.3-0)
    - React-Core/RCTAnimationHeaders (= 0.63.3-0)
    - React-jsi (= 0.63.3-0)
    - ReactCommon/turbomodule/core (= 0.63.3-0)
  - React-RCTBlob (0.63.3-0):
    - FBReactNativeSpec (= 0.63.3-0)
    - Folly (= 2020.01.13.00)
    - React-Core/RCTBlobHeaders (= 0.63.3-0)
    - React-Core/RCTWebSocket (= 0.63.3-0)
    - React-jsi (= 0.63.3-0)
    - React-RCTNetwork (= 0.63.3-0)
    - ReactCommon/turbomodule/core (= 0.63.3-0)
  - React-RCTImage (0.63.3-0):
    - FBReactNativeSpec (= 0.63.3-0)
    - Folly (= 2020.01.13.00)
    - RCTTypeSafety (= 0.63.3-0)
    - React-Core/RCTImageHeaders (= 0.63.3-0)
    - React-jsi (= 0.63.3-0)
    - React-RCTNetwork (= 0.63.3-0)
    - ReactCommon/turbomodule/core (= 0.63.3-0)
  - React-RCTLinking (0.63.3-0):
    - FBReactNativeSpec (= 0.63.3-0)
    - React-Core/RCTLinkingHeaders (= 0.63.3-0)
    - React-jsi (= 0.63.3-0)
    - ReactCommon/turbomodule/core (= 0.63.3-0)
  - React-RCTNetwork (0.63.3-0):
    - FBReactNativeSpec (= 0.63.3-0)
    - Folly (= 2020.01.13.00)
    - RCTTypeSafety (= 0.63.3-0)
    - React-Core/RCTNetworkHeaders (= 0.63.3-0)
    - React-jsi (= 0.63.3-0)
    - ReactCommon/turbomodule/core (= 0.63.3-0)
  - React-RCTSettings (0.63.3-0):
    - FBReactNativeSpec (= 0.63.3-0)
    - Folly (= 2020.01.13.00)
    - RCTTypeSafety (= 0.63.3-0)
    - React-Core/RCTSettingsHeaders (= 0.63.3-0)
    - React-jsi (= 0.63.3-0)
    - ReactCommon/turbomodule/core (= 0.63.3-0)
  - React-RCTText (0.63.3-0):
    - React-Core/RCTTextHeaders (= 0.63.3-0)
  - ReactCommon/turbomodule/core (0.63.3-0):
    - DoubleConversion
    - Folly (= 2020.01.13.00)
    - glog
    - React-callinvoker (= 0.63.3-0)
    - React-Core (= 0.63.3-0)
    - React-cxxreact (= 0.63.3-0)
    - React-jsi (= 0.63.3-0)
  - RNScreens (2.17.1):
    - React-Core
  - Yoga (1.14.0)
  - YogaKit (1.18.1):
    - Yoga

DEPENDENCIES:
  - BVLinearGradient (from `../node_modules/react-native-linear-gradient`)
  - DoubleConversion (from `../node_modules/react-native/third-party-podspecs/DoubleConversion.podspec`)
  - FBLazyVector (from `../node_modules/react-native/Libraries/FBLazyVector`)
  - FBReactNativeSpec (from `../node_modules/react-native/Libraries/FBReactNativeSpec`)
  - FlipperKit (~> 0.30.2)
  - FlipperKit/FlipperKitLayoutPlugin (~> 0.30.2)
  - FlipperKit/FlipperKitReactPlugin (~> 0.30.2)
  - FlipperKit/FlipperKitUserDefaultsPlugin (~> 0.30.2)
  - FlipperKit/SKIOSNetworkPlugin (~> 0.30.2)
  - Folly (from `../node_modules/react-native/third-party-podspecs/Folly.podspec`)
  - glog (from `../node_modules/react-native/third-party-podspecs/glog.podspec`)
  - RCTRequired (from `../node_modules/react-native/Libraries/RCTRequired`)
  - RCTTypeSafety (from `../node_modules/react-native/Libraries/TypeSafety`)
  - React (from `../node_modules/react-native/`)
  - React-callinvoker (from `../node_modules/react-native/ReactCommon/callinvoker`)
  - React-Core (from `../node_modules/react-native/`)
  - React-Core/DevSupport (from `../node_modules/react-native/`)
  - React-Core/RCTWebSocket (from `../node_modules/react-native/`)
  - React-CoreModules (from `../node_modules/react-native/React/CoreModules`)
  - React-cxxreact (from `../node_modules/react-native/ReactCommon/cxxreact`)
  - React-jsi (from `../node_modules/react-native/ReactCommon/jsi`)
  - React-jsiexecutor (from `../node_modules/react-native/ReactCommon/jsiexecutor`)
  - React-jsinspector (from `../node_modules/react-native/ReactCommon/jsinspector`)
  - react-native-video (from `../node_modules/react-native-video`)
  - React-RCTAnimation (from `../node_modules/react-native/Libraries/NativeAnimation`)
  - React-RCTBlob (from `../node_modules/react-native/Libraries/Blob`)
  - React-RCTImage (from `../node_modules/react-native/Libraries/Image`)
  - React-RCTLinking (from `../node_modules/react-native/Libraries/LinkingIOS`)
  - React-RCTNetwork (from `../node_modules/react-native/Libraries/Network`)
  - React-RCTSettings (from `../node_modules/react-native/Libraries/Settings`)
  - React-RCTText (from `../node_modules/react-native/Libraries/Text`)
  - ReactCommon/turbomodule/core (from `../node_modules/react-native/ReactCommon`)
  - RNScreens (from `../node_modules/react-native-screens`)
  - Yoga (from `../node_modules/react-native/ReactCommon/yoga`)

SPEC REPOS:
  https://github.com/react-native-tvos/react-native-tvos-podspecs.git:
    - CocoaLibEvent
    - Flipper
    - Flipper-DoubleConversion
    - Flipper-Folly
    - Flipper-Glog
    - Flipper-PeerTalk
    - Flipper-RSocket
    - FlipperKit
    - OpenSSL-Universal
    - YogaKit
  trunk:
    - boost-for-react-native
    - CocoaAsyncSocket

EXTERNAL SOURCES:
  BVLinearGradient:
    :path: "../node_modules/react-native-linear-gradient"
  DoubleConversion:
    :podspec: "../node_modules/react-native/third-party-podspecs/DoubleConversion.podspec"
  FBLazyVector:
    :path: "../node_modules/react-native/Libraries/FBLazyVector"
  FBReactNativeSpec:
    :path: "../node_modules/react-native/Libraries/FBReactNativeSpec"
  Folly:
    :podspec: "../node_modules/react-native/third-party-podspecs/Folly.podspec"
  glog:
    :podspec: "../node_modules/react-native/third-party-podspecs/glog.podspec"
  RCTRequired:
    :path: "../node_modules/react-native/Libraries/RCTRequired"
  RCTTypeSafety:
    :path: "../node_modules/react-native/Libraries/TypeSafety"
  React:
    :path: "../node_modules/react-native/"
  React-callinvoker:
    :path: "../node_modules/react-native/ReactCommon/callinvoker"
  React-Core:
    :path: "../node_modules/react-native/"
  React-CoreModules:
    :path: "../node_modules/react-native/React/CoreModules"
  React-cxxreact:
    :path: "../node_modules/react-native/ReactCommon/cxxreact"
  React-jsi:
    :path: "../node_modules/react-native/ReactCommon/jsi"
  React-jsiexecutor:
    :path: "../node_modules/react-native/ReactCommon/jsiexecutor"
  React-jsinspector:
    :path: "../node_modules/react-native/ReactCommon/jsinspector"
  react-native-video:
    :path: "../node_modules/react-native-video"
  React-RCTAnimation:
    :path: "../node_modules/react-native/Libraries/NativeAnimation"
  React-RCTBlob:
    :path: "../node_modules/react-native/Libraries/Blob"
  React-RCTImage:
    :path: "../node_modules/react-native/Libraries/Image"
  React-RCTLinking:
    :path: "../node_modules/react-native/Libraries/LinkingIOS"
  React-RCTNetwork:
    :path: "../node_modules/react-native/Libraries/Network"
  React-RCTSettings:
    :path: "../node_modules/react-native/Libraries/Settings"
  React-RCTText:
    :path: "../node_modules/react-native/Libraries/Text"
  ReactCommon:
    :path: "../node_modules/react-native/ReactCommon"
  RNScreens:
    :path: "../node_modules/react-native-screens"
  Yoga:
    :path: "../node_modules/react-native/ReactCommon/yoga"

SPEC CHECKSUMS:
  boost-for-react-native: 39c7adb57c4e60d6c5479dd8623128eb5b3f0f2c
  BVLinearGradient: e3aad03778a456d77928f594a649e96995f1c872
  CocoaAsyncSocket: 065fd1e645c7abab64f7a6a2007a48038fdc6a99
  CocoaLibEvent: 80507925cc2857ace161e25ac1000745c145ac19
  DoubleConversion: cde416483dac037923206447da6e1454df403714
  FBLazyVector: d24aa353e0df1ce13f33455ecdc53581c21cb8e2
  FBReactNativeSpec: 213c562ff59fa226fecaa5466b1af18070fbe86d
  Flipper: b96fca3f1d3cfcb78df7d8eaed51ea9a71b69e92
  Flipper-DoubleConversion: 1349df2e033b72bffcb6e54db199cab53b9dcebd
  Flipper-Folly: abac1a67bc5390a09770454b9314af6c1a29ced8
  Flipper-Glog: 0b29817e93a3d49a47962c94b54f6a2cf90a7849
  Flipper-PeerTalk: c41cddbfcfa98abeebd9c8503eb94d204a145c01
  Flipper-RSocket: d4c7baf814323f8f0911559944b87bbbd3c63da4
  FlipperKit: 31028f4bd9b85b8f2a98aa4d7f169b394d009439
  Folly: b73c3869541e86821df3c387eb0af5f65addfab4
  glog: 40a13f7840415b9a77023fbcae0f1e6f43192af3
  OpenSSL-Universal: 7cbe4bc3c032ace1c0ce897d6b5d58a3b9f6b8e2
  RCTRequired: 98231cf4cf500e4de68990b8993cc0f436ee8f23
  RCTTypeSafety: 61f54ea8f060d174dc71b679dd772442f1630c0b
  React: f53ee0e29ff4db4475cdf04e2f78dca1ce058eb1
  React-callinvoker: 21773f320d67cec888dbb1ec78bd3160c5122e6a
  React-Core: f51ed7c51d468db23da03350e9b8356b3323b006
  React-CoreModules: ed0062633ec1b1277082ececc1c127a0d4201f2f
  React-cxxreact: 869ae1b583d60dc3472d0028b4368f6cfe3aa621
  React-jsi: 5ce5b7ca8fab0ad99f105eed24885378f58d413c
  React-jsiexecutor: ed40f5a2002cdc5c9551087d2ad07312f7692c8a
  React-jsinspector: 4f9ec704391789e4cfd5d6ef3da36a53ed6d17c5
  react-native-video: 0bb76b6d6b77da3009611586c7dbf817b947f30e
  React-RCTAnimation: aec69e10c3f7126c1c353b416613619581d5a6b1
  React-RCTBlob: e6e33514f6123e956ef17cb6253b6326bf949548
  React-RCTImage: 687162d7cd544cd4ed0dbf56ffd58db896faf980
  React-RCTLinking: a0faac9caeed7aa82127857627ea013bf27011f4
  React-RCTNetwork: 1b4f075279df2d8d8f05d3bb9fe53e88ca234142
  React-RCTSettings: 5e8889a9646c8c18432c1c4a24682f8ce0b63e2d
  React-RCTText: fdf1d98de8e6556d35f837ac9121464363e10ad8
  ReactCommon: 13cb5bbb74ee1c844bc14aead4d8da214a7d3374
  RNScreens: b6c9607e6fe47c1b6e2f1910d2acd46dd7ecea3a
  Yoga: 5d20be5a2c1c18789d3181cbbff241010ff959e7
  YogaKit: 1e22bf2228b3a5ac8cc88965153061ae92c494b5

PODFILE CHECKSUM: 26d7b1d5ed61f8392d8ef93b7e6aa20dab169b81

COCOAPODS: 1.10.1
